
Microsoft Visual Studio Solution File, Format Version 12.00
# Visual Studio Version 17
VisualStudioVersion = 17.0.31903.59
MinimumVisualStudioVersion = 10.0.40219.1
Project("{2150E333-8FDC-42A3-9474-1A3956D46DE8}") = "src", "src", "{827E0CD3-B72D-47B6-A68D-7590B98EB39B}"
EndProject
Project("{FAE04EC0-301F-11D3-BF4B-00C04F79EFBC}") = "doft.Domain", "src\doft.Domain\doft.Domain.csproj", "{A8EAE65B-E25A-4C8B-A723-367493942AE7}"
EndProject
Project("{FAE04EC0-301F-11D3-BF4B-00C04F79EFBC}") = "doft.Application", "src\doft.Application\doft.Application.csproj", "{BD8CCD04-C472-471E-968B-E000A2374F19}"
EndProject
Project("{FAE04EC0-301F-11D3-BF4B-00C04F79EFBC}") = "doft.Infrastructure", "src\doft.Infrastructure\doft.Infrastructure.csproj", "{5E351BA5-1E3A-4CB8-9F7A-61643C319654}"
EndProject
Project("{FAE04EC0-301F-11D3-BF4B-00C04F79EFBC}") = "doft.Webapi", "src\doft.Webapi\doft.Webapi.csproj", "{455ADE64-B760-40FC-8C15-B97FC8608F5A}"
EndProject
Global
	GlobalSection(SolutionConfigurationPlatforms) = preSolution
		Debug|Any CPU = Debug|Any CPU
		Debug|x64 = Debug|x64
		Debug|x86 = Debug|x86
		Release|Any CPU = Release|Any CPU
		Release|x64 = Release|x64
		Release|x86 = Release|x86
	EndGlobalSection
	GlobalSection(ProjectConfigurationPlatforms) = postSolution
		{A8EAE65B-E25A-4C8B-A723-367493942AE7}.Debug|Any CPU.ActiveCfg = Debug|Any CPU
		{A8EAE65B-E25A-4C8B-A723-367493942AE7}.Debug|Any CPU.Build.0 = Debug|Any CPU
		{A8EAE65B-E25A-4C8B-A723-367493942AE7}.Debug|x64.ActiveCfg = Debug|Any CPU
		{A8EAE65B-E25A-4C8B-A723-367493942AE7}.Debug|x64.Build.0 = Debug|Any CPU
		{A8EAE65B-E25A-4C8B-A723-367493942AE7}.Debug|x86.ActiveCfg = Debug|Any CPU
		{A8EAE65B-E25A-4C8B-A723-367493942AE7}.Debug|x86.Build.0 = Debug|Any CPU
		{A8EAE65B-E25A-4C8B-A723-367493942AE7}.Release|Any CPU.ActiveCfg = Release|Any CPU
		{A8EAE65B-E25A-4C8B-A723-367493942AE7}.Release|Any CPU.Build.0 = Release|Any CPU
		{A8EAE65B-E25A-4C8B-A723-367493942AE7}.Release|x64.ActiveCfg = Release|Any CPU
		{A8EAE65B-E25A-4C8B-A723-367493942AE7}.Release|x64.Build.0 = Release|Any CPU
		{A8EAE65B-E25A-4C8B-A723-367493942AE7}.Release|x86.ActiveCfg = Release|Any CPU
		{A8EAE65B-E25A-4C8B-A723-367493942AE7}.Release|x86.Build.0 = Release|Any CPU
		{BD8CCD04-C472-471E-968B-E000A2374F19}.Debug|Any CPU.ActiveCfg = Debug|Any CPU
		{BD8CCD04-C472-471E-968B-E000A2374F19}.Debug|Any CPU.Build.0 = Debug|Any CPU
		{BD8CCD04-C472-471E-968B-E000A2374F19}.Debug|x64.ActiveCfg = Debug|Any CPU
		{BD8CCD04-C472-471E-968B-E000A2374F19}.Debug|x64.Build.0 = Debug|Any CPU
		{BD8CCD04-C472-471E-968B-E000A2374F19}.Debug|x86.ActiveCfg = Debug|Any CPU
		{BD8CCD04-C472-471E-968B-E000A2374F19}.Debug|x86.Build.0 = Debug|Any CPU
		{BD8CCD04-C472-471E-968B-E000A2374F19}.Release|Any CPU.ActiveCfg = Release|Any CPU
		{BD8CCD04-C472-471E-968B-E000A2374F19}.Release|Any CPU.Build.0 = Release|Any CPU
		{BD8CCD04-C472-471E-968B-E000A2374F19}.Release|x64.ActiveCfg = Release|Any CPU
		{BD8CCD04-C472-471E-968B-E000A2374F19}.Release|x64.Build.0 = Release|Any CPU
		{BD8CCD04-C472-471E-968B-E000A2374F19}.Release|x86.ActiveCfg = Release|Any CPU
		{BD8CCD04-C472-471E-968B-E000A2374F19}.Release|x86.Build.0 = Release|Any CPU
		{5E351BA5-1E3A-4CB8-9F7A-61643C319654}.Debug|Any CPU.ActiveCfg = Debug|Any CPU
		{5E351BA5-1E3A-4CB8-9F7A-61643C319654}.Debug|Any CPU.Build.0 = Debug|Any CPU
		{5E351BA5-1E3A-4CB8-9F7A-61643C319654}.Debug|x64.ActiveCfg = Debug|Any CPU
		{5E351BA5-1E3A-4CB8-9F7A-61643C319654}.Debug|x64.Build.0 = Debug|Any CPU
		{5E351BA5-1E3A-4CB8-9F7A-61643C319654}.Debug|x86.ActiveCfg = Debug|Any CPU
		{5E351BA5-1E3A-4CB8-9F7A-61643C319654}.Debug|x86.Build.0 = Debug|Any CPU
		{5E351BA5-1E3A-4CB8-9F7A-61643C319654}.Release|Any CPU.ActiveCfg = Release|Any CPU
		{5E351BA5-1E3A-4CB8-9F7A-61643C319654}.Release|Any CPU.Build.0 = Release|Any CPU
		{5E351BA5-1E3A-4CB8-9F7A-61643C319654}.Release|x64.ActiveCfg = Release|Any CPU
		{5E351BA5-1E3A-4CB8-9F7A-61643C319654}.Release|x64.Build.0 = Release|Any CPU
		{5E351BA5-1E3A-4CB8-9F7A-61643C319654}.Release|x86.ActiveCfg = Release|Any CPU
		{5E351BA5-1E3A-4CB8-9F7A-61643C319654}.Release|x86.Build.0 = Release|Any CPU
		{455ADE64-B760-40FC-8C15-B97FC8608F5A}.Debug|Any CPU.ActiveCfg = Debug|Any CPU
		{455ADE64-B760-40FC-8C15-B97FC8608F5A}.Debug|Any CPU.Build.0 = Debug|Any CPU
		{455ADE64-B760-40FC-8C15-B97FC8608F5A}.Debug|x64.ActiveCfg = Debug|Any CPU
		{455ADE64-B760-40FC-8C15-B97FC8608F5A}.Debug|x64.Build.0 = Debug|Any CPU
		{455ADE64-B760-40FC-8C15-B97FC8608F5A}.Debug|x86.ActiveCfg = Debug|Any CPU
		{455ADE64-B760-40FC-8C15-B97FC8608F5A}.Debug|x86.Build.0 = Debug|Any CPU
		{455ADE64-B760-40FC-8C15-B97FC8608F5A}.Release|Any CPU.ActiveCfg = Release|Any CPU
		{455ADE64-B760-40FC-8C15-B97FC8608F5A}.Release|Any CPU.Build.0 = Release|Any CPU
		{455ADE64-B760-40FC-8C15-B97FC8608F5A}.Release|x64.ActiveCfg = Release|Any CPU
		{455ADE64-B760-40FC-8C15-B97FC8608F5A}.Release|x64.Build.0 = Release|Any CPU
		{455ADE64-B760-40FC-8C15-B97FC8608F5A}.Release|x86.ActiveCfg = Release|Any CPU
		{455ADE64-B760-40FC-8C15-B97FC8608F5A}.Release|x86.Build.0 = Release|Any CPU
	EndGlobalSection
	GlobalSection(SolutionProperties) = preSolution
		HideSolutionNode = FALSE
	EndGlobalSection
	GlobalSection(NestedProjects) = preSolution
		{A8EAE65B-E25A-4C8B-A723-367493942AE7} = {827E0CD3-B72D-47B6-A68D-7590B98EB39B}
		{BD8CCD04-C472-471E-968B-E000A2374F19} = {827E0CD3-B72D-47B6-A68D-7590B98EB39B}
		{5E351BA5-1E3A-4CB8-9F7A-61643C319654} = {827E0CD3-B72D-47B6-A68D-7590B98EB39B}
		{455ADE64-B760-40FC-8C15-B97FC8608F5A} = {827E0CD3-B72D-47B6-A68D-7590B98EB39B}
	EndGlobalSection
EndGlobal
